// !$*UTF8*$!
{
	archiveVersion = 1;
	classes = {
	};
	objectVersion = 50;
	objects = {

/* Begin PBXBuildFile section */
		3F965559264C0D3500B96E5F /* FinalApp.swift in Sources */ = {isa = PBXBuildFile; fileRef = 3F965558264C0D3500B96E5F /* FinalApp.swift */; };
		3F96555B264C0D3500B96E5F /* ContentView.swift in Sources */ = {isa = PBXBuildFile; fileRef = 3F96555A264C0D3500B96E5F /* ContentView.swift */; };
		3F96555D264C0D3800B96E5F /* Assets.xcassets in Resources */ = {isa = PBXBuildFile; fileRef = 3F96555C264C0D3800B96E5F /* Assets.xcassets */; };
		3F965560264C0D3800B96E5F /* Preview Assets.xcassets in Resources */ = {isa = PBXBuildFile; fileRef = 3F96555F264C0D3800B96E5F /* Preview Assets.xcassets */; };
		3F965562264C0D3800B96E5F /* Persistence.swift in Sources */ = {isa = PBXBuildFile; fileRef = 3F965561264C0D3800B96E5F /* Persistence.swift */; };
		3F965565264C0D3800B96E5F /* Final.xcdatamodeld in Sources */ = {isa = PBXBuildFile; fileRef = 3F965563264C0D3800B96E5F /* Final.xcdatamodeld */; };
		3F96556E264C0F2C00B96E5F /* AddExpense.swift in Sources */ = {isa = PBXBuildFile; fileRef = 3F96556D264C0F2C00B96E5F /* AddExpense.swift */; };
		3F965571264C0F6100B96E5F /* AddOrder.swift in Sources */ = {isa = PBXBuildFile; fileRef = 3F965570264C0F6100B96E5F /* AddOrder.swift */; };
		3F965574264C0F8B00B96E5F /* Expenses.swift in Sources */ = {isa = PBXBuildFile; fileRef = 3F965573264C0F8B00B96E5F /* Expenses.swift */; };
		3F965577264C0FC400B96E5F /* Orders.swift in Sources */ = {isa = PBXBuildFile; fileRef = 3F965576264C0FC400B96E5F /* Orders.swift */; };
		3F96557A264C0FE800B96E5F /* OrderDetails.swift in Sources */ = {isa = PBXBuildFile; fileRef = 3F965579264C0FE800B96E5F /* OrderDetails.swift */; };
/* End PBXBuildFile section */

/* Begin PBXFileReference section */
		3F965555264C0D3500B96E5F /* Final.app */ = {isa = PBXFileReference; explicitFileType = wrapper.application; includeInIndex = 0; path = Final.app; sourceTree = BUILT_PRODUCTS_DIR; };
		3F965558264C0D3500B96E5F /* FinalApp.swift */ = {isa = PBXFileReference; lastKnownFileType = sourcecode.swift; path = FinalApp.swift; sourceTree = "<group>"; };
		3F96555A264C0D3500B96E5F /* ContentView.swift */ = {isa = PBXFileReference; lastKnownFileType = sourcecode.swift; path = ContentView.swift; sourceTree = "<group>"; };
		3F96555C264C0D3800B96E5F /* Assets.xcassets */ = {isa = PBXFileReference; lastKnownFileType = folder.assetcatalog; path = Assets.xcassets; sourceTree = "<group>"; };
		3F96555F264C0D3800B96E5F /* Preview Assets.xcassets */ = {isa = PBXFileReference; lastKnownFileType = folder.assetcatalog; path = "Preview Assets.xcassets"; sourceTree = "<group>"; };
		3F965561264C0D3800B96E5F /* Persistence.swift */ = {isa = PBXFileReference; lastKnownFileType = sourcecode.swift; path = Persistence.swift; sourceTree = "<group>"; };
		3F965564264C0D3800B96E5F /* Final.xcdatamodel */ = {isa = PBXFileReference; lastKnownFileType = wrapper.xcdatamodel; path = Final.xcdatamodel; sourceTree = "<group>"; };
		3F965566264C0D3800B96E5F /* Info.plist */ = {isa = PBXFileReference; lastKnownFileType = text.plist.xml; path = Info.plist; sourceTree = "<group>"; };
		3F96556D264C0F2C00B96E5F /* AddExpense.swift */ = {isa = PBXFileReference; lastKnownFileType = sourcecode.swift; path = AddExpense.swift; sourceTree = "<group>"; };
		3F965570264C0F6100B96E5F /* AddOrder.swift */ = {isa = PBXFileReference; lastKnownFileType = sourcecode.swift; path = AddOrder.swift; sourceTree = "<group>"; };
		3F965573264C0F8B00B96E5F /* Expenses.swift */ = {isa = PBXFileReference; lastKnownFileType = sourcecode.swift; path = Expenses.swift; sourceTree = "<group>"; };
		3F965576264C0FC400B96E5F /* Orders.swift */ = {isa = PBXFileReference; lastKnownFileType = sourcecode.swift; path = Orders.swift; sourceTree = "<group>"; };
		3F965579264C0FE800B96E5F /* OrderDetails.swift */ = {isa = PBXFileReference; lastKnownFileType = sourcecode.swift; path = OrderDetails.swift; sourceTree = "<group>"; };
/* End PBXFileReference section */

/* Begin PBXFrameworksBuildPhase section */
		3F965552264C0D3500B96E5F /* Frameworks */ = {
			isa = PBXFrameworksBuildPhase;
			buildActionMask = 2147483647;
			files = (
			);
			runOnlyForDeploymentPostprocessing = 0;
		};
/* End PBXFrameworksBuildPhase section */

/* Begin PBXGroup section */
		3F96554C264C0D3500B96E5F = {
			isa = PBXGroup;
			children = (
				3F965557264C0D3500B96E5F /* Final */,
				3F965556264C0D3500B96E5F /* Products */,
			);
			sourceTree = "<group>";
		};
		3F965556264C0D3500B96E5F /* Products */ = {
			isa = PBXGroup;
			children = (
				3F965555264C0D3500B96E5F /* Final.app */,
			);
			name = Products;
			sourceTree = "<group>";
		};
		3F965557264C0D3500B96E5F /* Final */ = {
			isa = PBXGroup;
			children = (
				3F965558264C0D3500B96E5F /* FinalApp.swift */,
				3F96555A264C0D3500B96E5F /* ContentView.swift */,
				3F965576264C0FC400B96E5F /* Orders.swift */,
				3F965579264C0FE800B96E5F /* OrderDetails.swift */,
				3F965570264C0F6100B96E5F /* AddOrder.swift */,
				3F965573264C0F8B00B96E5F /* Expenses.swift */,
				3F96556D264C0F2C00B96E5F /* AddExpense.swift */,
				3F96555C264C0D3800B96E5F /* Assets.xcassets */,
				3F965561264C0D3800B96E5F /* Persistence.swift */,
				3F965566264C0D3800B96E5F /* Info.plist */,
				3F965563264C0D3800B96E5F /* Final.xcdatamodeld */,
				3F96555E264C0D3800B96E5F /* Preview Content */,
			);
			path = Final;
			sourceTree = "<group>";
		};
		3F96555E264C0D3800B96E5F /* Preview Content */ = {
			isa = PBXGroup;
			children = (
				3F96555F264C0D3800B96E5F /* Preview Assets.xcassets */,
			);
			path = "Preview Content";
			sourceTree = "<group>";
		};
/* End PBXGroup section */

/* Begin PBXNativeTarget section */
		3F965554264C0D3500B96E5F /* Final */ = {
			isa = PBXNativeTarget;
			buildConfigurationList = 3F965569264C0D3800B96E5F /* Build configuration list for PBXNativeTarget "Final" */;
			buildPhases = (
				3F965551264C0D3500B96E5F /* Sources */,
				3F965552264C0D3500B96E5F /* Frameworks */,
				3F965553264C0D3500B96E5F /* Resources */,
			);
			buildRules = (
			);
			dependencies = (
			);
			name = Final;
			productName = Final;
			productReference = 3F965555264C0D3500B96E5F /* Final.app */;
			productType = "com.apple.product-type.application";
		};
/* End PBXNativeTarget section */

/* Begin PBXProject section */
		3F96554D264C0D3500B96E5F /* Project object */ = {
			isa = PBXProject;
			attributes = {
				LastSwiftUpdateCheck = 1240;
				LastUpgradeCheck = 1240;
				TargetAttributes = {
					3F965554264C0D3500B96E5F = {
						CreatedOnToolsVersion = 12.4;
					};
				};
			};
			buildConfigurationList = 3F965550264C0D3500B96E5F /* Build configuration list for PBXProject "Final" */;
			compatibilityVersion = "Xcode 9.3";
			developmentRegion = en;
			hasScannedForEncodings = 0;
			knownRegions = (
				en,
				Base,
			);
			mainGroup = 3F96554C264C0D3500B96E5F;
			productRefGroup = 3F965556264C0D3500B96E5F /* Products */;
			projectDirPath = "";
			projectRoot = "";
			targets = (
				3F965554264C0D3500B96E5F /* Final */,
			);
		};
/* End PBXProject section */

/* Begin PBXResourcesBuildPhase section */
		3F965553264C0D3500B96E5F /* Resources */ = {
			isa = PBXResourcesBuildPhase;
			buildActionMask = 2147483647;
			files = (
				3F965560264C0D3800B96E5F /* Preview Assets.xcassets in Resources */,
				3F96555D264C0D3800B96E5F /* Assets.xcassets in Resources */,
			);
			runOnlyForDeploymentPostprocessing = 0;
		};
/* End PBXResourcesBuildPhase section */

/* Begin PBXSourcesBuildPhase section */
		3F965551264C0D3500B96E5F /* Sources */ = {
			isa = PBXSourcesBuildPhase;
			buildActionMask = 2147483647;
			files = (
				3F96556E264C0F2C00B96E5F /* AddExpense.swift in Sources */,
				3F965565264C0D3800B96E5F /* Final.xcdatamodeld in Sources */,
				3F965562264C0D3800B96E5F /* Persistence.swift in Sources */,
				3F96555B264C0D3500B96E5F /* ContentView.swift in Sources */,
				3F965571264C0F6100B96E5F /* AddOrder.swift in Sources */,
				3F965559264C0D3500B96E5F /* FinalApp.swift in Sources */,
				3F965577264C0FC400B96E5F /* Orders.swift in Sources */,
				3F96557A264C0FE800B96E5F /* OrderDetails.swift in Sources */,
				3F965574264C0F8B00B96E5F /* Expenses.swift in Sources */,
			);
			runOnlyForDeploymentPostprocessing = 0;
		};
/* End PBXSourcesBuildPhase section */

/* Begin XCBuildConfiguration section */
		3F965567264C0D3800B96E5F /* Debug */ = {
			isa = XCBuildConfiguration;
			buildSettings = {
				ALWAYS_SEARCH_USER_PATHS = NO;
				CLANG_ANALYZER_NONNULL = YES;
				CLANG_ANALYZER_NUMBER_OBJECT_CONVERSION = YES_AGGRESSIVE;
				CLANG_CXX_LANGUAGE_STANDARD = "gnu++14";
				CLANG_CXX_LIBRARY = "libc++";
				CLANG_ENABLE_MODULES = YES;
				CLANG_ENABLE_OBJC_ARC = YES;
				CLANG_ENABLE_OBJC_WEAK = YES;
				CLANG_WARN_BLOCK_CAPTURE_AUTORELEASING = YES;
				CLANG_WARN_BOOL_CONVERSION = YES;
				CLANG_WARN_COMMA = YES;
				CLANG_WARN_CONSTANT_CONVERSION = YES;
				CLANG_WARN_DEPRECATED_OBJC_IMPLEMENTATIONS = YES;
				CLANG_WARN_DIRECT_OBJC_ISA_USAGE = YES_ERROR;
				CLANG_WARN_DOCUMENTATION_COMMENTS = YES;
				CLANG_WARN_EMPTY_BODY = YES;
				CLANG_WARN_ENUM_CONVERSION = YES;
				CLANG_WARN_INFINITE_RECURSION = YES;
				CLANG_WARN_INT_CONVERSION = YES;
				CLANG_WARN_NON_LITERAL_NULL_CONVERSION = YES;
				CLANG_WARN_OBJC_IMPLICIT_RETAIN_SELF = YES;
				CLANG_WARN_OBJC_LITERAL_CONVERSION = YES;
				CLANG_WARN_OBJC_ROOT_CLASS = YES_ERROR;
				CLANG_WARN_QUOTED_INCLUDE_IN_FRAMEWORK_HEADER = YES;
				CLANG_WARN_RANGE_LOOP_ANALYSIS = YES;
				CLANG_WARN_STRICT_PROTOTYPES = YES;
				CLANG_WARN_SUSPICIOUS_MOVE = YES;
				CLANG_WARN_UNGUARDED_AVAILABILITY = YES_AGGRESSIVE;
				CLANG_WARN_UNREACHABLE_CODE = YES;
				CLANG_WARN__DUPLICATE_METHOD_MATCH = YES;
				COPY_PHASE_STRIP = NO;
				DEBUG_INFORMATION_FORMAT = dwarf;
				ENABLE_STRICT_OBJC_MSGSEND = YES;
				ENABLE_TESTABILITY = YES;
				GCC_C_LANGUAGE_STANDARD = gnu11;
				GCC_DYNAMIC_NO_PIC = NO;
				GCC_NO_COMMON_BLOCKS = YES;
				GCC_OPTIMIZATION_LEVEL = 0;
				GCC_PREPROCESSOR_DEFINITIONS = (
					"DEBUG=1",
					"$(inherited)",
				);
				GCC_WARN_64_TO_32_BIT_CONVERSION = YES;
				GCC_WARN_ABOUT_RETURN_TYPE = YES_ERROR;
				GCC_WARN_UNDECLARED_SELECTOR = YES;
				GCC_WARN_UNINITIALIZED_AUTOS = YES_AGGRESSIVE;
				GCC_WARN_UNUSED_FUNCTION = YES;
				GCC_WARN_UNUSED_VARIABLE = YES;
				IPHONEOS_DEPLOYMENT_TARGET = 14.4;
				MTL_ENABLE_DEBUG_INFO = INCLUDE_SOURCE;
				MTL_FAST_MATH = YES;
				ONLY_ACTIVE_ARCH = YES;
				SDKROOT = iphoneos;
				SWIFT_ACTIVE_COMPILATION_CONDITIONS = DEBUG;
				SWIFT_OPTIMIZATION_LEVEL = "-Onone";
			};
			name = Debug;
		};
		3F965568264C0D3800B96E5F /* Release */ = {
			isa = XCBuildConfiguration;
			buildSettings = {
				ALWAYS_SEARCH_USER_PATHS = NO;
				CLANG_ANALYZER_NONNULL = YES;
				CLANG_ANALYZER_NUMBER_OBJECT_CONVERSION = YES_AGGRESSIVE;
				CLANG_CXX_LANGUAGE_STANDARD = "gnu++14";
				CLANG_CXX_LIBRARY = "libc++";
				CLANG_ENABLE_MODULES = YES;
				CLANG_ENABLE_OBJC_ARC = YES;
				CLANG_ENABLE_OBJC_WEAK = YES;
				CLANG_WARN_BLOCK_CAPTURE_AUTORELEASING = YES;
				CLANG_WARN_BOOL_CONVERSION = YES;
				CLANG_WARN_COMMA = YES;
				CLANG_WARN_CONSTANT_CONVERSION = YES;
				CLANG_WARN_DEPRECATED_OBJC_IMPLEMENTATIONS = YES;
				CLANG_WARN_DIRECT_OBJC_ISA_USAGE = YES_ERROR;
				CLANG_WARN_DOCUMENTATION_COMMENTS = YES;
				CLANG_WARN_EMPTY_BODY = YES;
				CLANG_WARN_ENUM_CONVERSION = YES;
				CLANG_WARN_INFINITE_RECURSION = YES;
				CLANG_WARN_INT_CONVERSION = YES;
				CLANG_WARN_NON_LITERAL_NULL_CONVERSION = YES;
				CLANG_WARN_OBJC_IMPLICIT_RETAIN_SELF = YES;
				CLANG_WARN_OBJC_LITERAL_CONVERSION = YES;
				CLANG_WARN_OBJC_ROOT_CLASS = YES_ERROR;
				CLANG_WARN_QUOTED_INCLUDE_IN_FRAMEWORK_HEADER = YES;
				CLANG_WARN_RANGE_LOOP_ANALYSIS = YES;
				CLANG_WARN_STRICT_PROTOTYPES = YES;
				CLANG_WARN_SUSPICIOUS_MOVE = YES;
				CLANG_WARN_UNGUARDED_AVAILABILITY = YES_AGGRESSIVE;
				CLANG_WARN_UNREACHABLE_CODE = YES;
				CLANG_WARN__DUPLICATE_METHOD_MATCH = YES;
				COPY_PHASE_STRIP = NO;
				DEBUG_INFORMATION_FORMAT = "dwarf-with-dsym";
				ENABLE_NS_ASSERTIONS = NO;
				ENABLE_STRICT_OBJC_MSGSEND = YES;
				GCC_C_LANGUAGE_STANDARD = gnu11;
				GCC_NO_COMMON_BLOCKS = YES;
				GCC_WARN_64_TO_32_BIT_CONVERSION = YES;
				GCC_WARN_ABOUT_RETURN_TYPE = YES_ERROR;
				GCC_WARN_UNDECLARED_SELECTOR = YES;
				GCC_WARN_UNINITIALIZED_AUTOS = YES_AGGRESSIVE;
				GCC_WARN_UNUSED_FUNCTION = YES;
				GCC_WARN_UNUSED_VARIABLE = YES;
				IPHONEOS_DEPLOYMENT_TARGET = 14.4;
				MTL_ENABLE_DEBUG_INFO = NO;
				MTL_FAST_MATH = YES;
				SDKROOT = iphoneos;
				SWIFT_COMPILATION_MODE = wholemodule;
				SWIFT_OPTIMIZATION_LEVEL = "-O";
				VALIDATE_PRODUCT = YES;
			};
			name = Release;
		};
		3F96556A264C0D3800B96E5F /* Debug */ = {
			isa = XCBuildConfiguration;
			buildSettings = {
				ASSETCATALOG_COMPILER_APPICON_NAME = AppIcon;
				ASSETCATALOG_COMPILER_GLOBAL_ACCENT_COLOR_NAME = AccentColor;
				CODE_SIGN_STYLE = Automatic;
				DEVELOPMENT_ASSET_PATHS = "\"Final/Preview Content\"";
				DEVELOPMENT_TEAM = P77QVRCHT6;
				ENABLE_PREVIEWS = YES;
				INFOPLIST_FILE = Final/Info.plist;
				IPHONEOS_DEPLOYMENT_TARGET = 14.0;
				LD_RUNPATH_SEARCH_PATHS = (
					"$(inherited)",
					"@executable_path/Frameworks",
				);
				PRODUCT_BUNDLE_IDENTIFIER = com.allee.kat.Final;
				PRODUCT_NAME = "$(TARGET_NAME)";
				SWIFT_VERSION = 5.0;
				TARGETED_DEVICE_FAMILY = "1,2";
			};
			name = Debug;
		};
		3F96556B264C0D3800B96E5F /* Release */ = {
			isa = XCBuildConfiguration;
			buildSettings = {
				ASSETCATALOG_COMPILER_APPICON_NAME = AppIcon;
				ASSETCATALOG_COMPILER_GLOBAL_ACCENT_COLOR_NAME = AccentColor;
				CODE_SIGN_STYLE = Automatic;
				DEVELOPMENT_ASSET_PATHS = "\"Final/Preview Content\"";
				DEVELOPMENT_TEAM = P77QVRCHT6;
				ENABLE_PREVIEWS = YES;
				INFOPLIST_FILE = Final/Info.plist;
				IPHONEOS_DEPLOYMENT_TARGET = 14.0;
				LD_RUNPATH_SEARCH_PATHS = (
					"$(inherited)",
					"@executable_path/Frameworks",
				);
				PRODUCT_BUNDLE_IDENTIFIER = com.allee.kat.Final;
				PRODUCT_NAME = "$(TARGET_NAME)";
				SWIFT_VERSION = 5.0;
				TARGETED_DEVICE_FAMILY = "1,2";
			};
			name = Release;
		};
/* End XCBuildConfiguration section */

/* Begin XCConfigurationList section */
		3F965550264C0D3500B96E5F /* Build configuration list for PBXProject "Final" */ = {
			isa = XCConfigurationList;
			buildConfigurations = (
				3F965567264C0D3800B96E5F /* Debug */,
				3F965568264C0D3800B96E5F /* Release */,
			);
			defaultConfigurationIsVisible = 0;
			defaultConfigurationName = Release;
		};
		3F965569264C0D3800B96E5F /* Build configuration list for PBXNativeTarget "Final" */ = {
			isa = XCConfigurationList;
			buildConfigurations = (
				3F96556A264C0D3800B96E5F /* Debug */,
				3F96556B264C0D3800B96E5F /* Release */,
			);
			defaultConfigurationIsVisible = 0;
			defaultConfigurationName = Release;
		};
/* End XCConfigurationList section */

/* Begin XCVersionGroup section */
		3F965563264C0D3800B96E5F /* Final.xcdatamodeld */ = {
			isa = XCVersionGroup;
			children = (
				3F965564264C0D3800B96E5F /* Final.xcdatamodel */,
			);
			currentVersion = 3F965564264C0D3800B96E5F /* Final.xcdatamodel */;
			path = Final.xcdatamodeld;
			sourceTree = "<group>";
			versionGroupType = wrapper.xcdatamodel;
		};
/* End XCVersionGroup section */
	};
	rootObject = 3F96554D264C0D3500B96E5F /* Project object */;
}
